
Microsoft Visual Studio Solution File, Format Version 12.00
# Visual Studio 2012
Project("{FAE04EC0-301F-11D3-BF4B-00C04F79EFBC}") = "freescaleCup", "freescaleCup\freescaleCup.csproj", "{3F85855F-9366-4E24-A1B4-7A26D1828EC4}"
EndProject
Global
	GlobalSection(SolutionConfigurationPlatforms) = preSolution
		Debug|Any CPU = Debug|Any CPU
		Release|Any CPU = Release|Any CPU
	EndGlobalSection
	GlobalSection(ProjectConfigurationPlatforms) = postSolution
		{3F85855F-9366-4E24-A1B4-7A26D1828EC4}.Debug|Any CPU.ActiveCfg = Debug|Any CPU
		{3F85855F-9366-4E24-A1B4-7A26D1828EC4}.Debug|Any CPU.Build.0 = Debug|Any CPU
		{3F85855F-9366-4E24-A1B4-7A26D1828EC4}.Release|Any CPU.ActiveCfg = Release|Any CPU
		{3F85855F-9366-4E24-A1B4-7A26D1828EC4}.Release|Any CPU.Build.0 = Release|Any CPU
	EndGlobalSection
	GlobalSection(SolutionProperties) = preSolution
		HideSolutionNode = FALSE
	EndGlobalSection
EndGlobal
